
Microsoft Visual Studio Solution File, Format Version 12.00
# Visual Studio Version 16
VisualStudioVersion = 16.0.30621.155
MinimumVisualStudioVersion = 10.0.40219.1
Project("{FAE04EC0-301F-11D3-BF4B-00C04F79EFBC}") = "Damakonzole", "Damakonzole.csproj", "{9F772DBF-1D6E-4850-8FC9-39BE437F60EB}"
EndProject
Global
	GlobalSection(SolutionConfigurationPlatforms) = preSolution
		Debug|Any CPU = Debug|Any CPU
		Release|Any CPU = Release|Any CPU
	EndGlobalSection
	GlobalSection(ProjectConfigurationPlatforms) = postSolution
		{9F772DBF-1D6E-4850-8FC9-39BE437F60EB}.Debug|Any CPU.ActiveCfg = Debug|Any CPU
		{9F772DBF-1D6E-4850-8FC9-39BE437F60EB}.Debug|Any CPU.Build.0 = Debug|Any CPU
		{9F772DBF-1D6E-4850-8FC9-39BE437F60EB}.Release|Any CPU.ActiveCfg = Release|Any CPU
		{9F772DBF-1D6E-4850-8FC9-39BE437F60EB}.Release|Any CPU.Build.0 = Release|Any CPU
	EndGlobalSection
	GlobalSection(SolutionProperties) = preSolution
		HideSolutionNode = FALSE
	EndGlobalSection
	GlobalSection(ExtensibilityGlobals) = postSolution
		SolutionGuid = {D7519ABB-311E-4ECA-B273-5E3828D5DA58}
	EndGlobalSection
EndGlobal
